
Microsoft Visual Studio Solution File, Format Version 12.00
# Visual Studio 15
VisualStudioVersion = 15.0.28010.2003
MinimumVisualStudioVersion = 10.0.40219.1
Project("{9A19103F-16F7-4668-BE54-9A1E7A4F7556}") = "PASRI.API", "PASRI\PASRI.API.csproj", "{5471E068-1558-40BC-97AA-2E0E225B0221}"
EndProject
Project("{FAE04EC0-301F-11D3-BF4B-00C04F79EFBC}") = "PASRI.API.UnitTests", "PASRI.API.UnitTests\PASRI.API.UnitTests.csproj", "{50525729-933A-44F6-B133-9AF5C8741C6B}"
EndProject
Global
	GlobalSection(SolutionConfigurationPlatforms) = preSolution
		Debug|Any CPU = Debug|Any CPU
		Release|Any CPU = Release|Any CPU
	EndGlobalSection
	GlobalSection(ProjectConfigurationPlatforms) = postSolution
		{5471E068-1558-40BC-97AA-2E0E225B0221}.Debug|Any CPU.ActiveCfg = Debug|Any CPU
		{5471E068-1558-40BC-97AA-2E0E225B0221}.Debug|Any CPU.Build.0 = Debug|Any CPU
		{5471E068-1558-40BC-97AA-2E0E225B0221}.Release|Any CPU.ActiveCfg = Release|Any CPU
		{5471E068-1558-40BC-97AA-2E0E225B0221}.Release|Any CPU.Build.0 = Release|Any CPU
		{50525729-933A-44F6-B133-9AF5C8741C6B}.Debug|Any CPU.ActiveCfg = Debug|Any CPU
		{50525729-933A-44F6-B133-9AF5C8741C6B}.Debug|Any CPU.Build.0 = Debug|Any CPU
		{50525729-933A-44F6-B133-9AF5C8741C6B}.Release|Any CPU.ActiveCfg = Release|Any CPU
		{50525729-933A-44F6-B133-9AF5C8741C6B}.Release|Any CPU.Build.0 = Release|Any CPU
	EndGlobalSection
	GlobalSection(SolutionProperties) = preSolution
		HideSolutionNode = FALSE
	EndGlobalSection
	GlobalSection(ExtensibilityGlobals) = postSolution
		SolutionGuid = {88C01C06-D013-412F-BCF7-9611F52CDD35}
	EndGlobalSection
EndGlobal
